
Microsoft Visual Studio Solution File, Format Version 12.00
# Visual Studio 14
VisualStudioVersion = 14.0.25420.1
MinimumVisualStudioVersion = 10.0.40219.1
Project("{FAE04EC0-301F-11D3-BF4B-00C04F79EFBC}") = "DataDumper", "DataDumper\DataDumper.csproj", "{34306846-0FC1-4325-84C1-3B0EA5B94902}"
EndProject
Project("{FAE04EC0-301F-11D3-BF4B-00C04F79EFBC}") = "DataDumper.Tests", "DataDumper.Tests\DataDumper.Tests.csproj", "{81E68E92-E6CB-490B-88CD-6437F31915F0}"
EndProject
Global
	GlobalSection(SolutionConfigurationPlatforms) = preSolution
		Debug|Any CPU = Debug|Any CPU
		Release|Any CPU = Release|Any CPU
	EndGlobalSection
	GlobalSection(ProjectConfigurationPlatforms) = postSolution
		{34306846-0FC1-4325-84C1-3B0EA5B94902}.Debug|Any CPU.ActiveCfg = Debug|Any CPU
		{34306846-0FC1-4325-84C1-3B0EA5B94902}.Debug|Any CPU.Build.0 = Debug|Any CPU
		{34306846-0FC1-4325-84C1-3B0EA5B94902}.Release|Any CPU.ActiveCfg = Release|Any CPU
		{34306846-0FC1-4325-84C1-3B0EA5B94902}.Release|Any CPU.Build.0 = Release|Any CPU
		{81E68E92-E6CB-490B-88CD-6437F31915F0}.Debug|Any CPU.ActiveCfg = Debug|Any CPU
		{81E68E92-E6CB-490B-88CD-6437F31915F0}.Debug|Any CPU.Build.0 = Debug|Any CPU
		{81E68E92-E6CB-490B-88CD-6437F31915F0}.Release|Any CPU.ActiveCfg = Release|Any CPU
		{81E68E92-E6CB-490B-88CD-6437F31915F0}.Release|Any CPU.Build.0 = Release|Any CPU
	EndGlobalSection
	GlobalSection(SolutionProperties) = preSolution
		HideSolutionNode = FALSE
	EndGlobalSection
EndGlobal
