
Microsoft Visual Studio Solution File, Format Version 12.00
# Visual Studio 14
VisualStudioVersion = 14.0.25420.1
MinimumVisualStudioVersion = 10.0.40219.1
Project("{FAE04EC0-301F-11D3-BF4B-00C04F79EFBC}") = "Tools.DataDumper", "Tools.DataDumper\Tools.DataDumper.csproj", "{34306846-0FC1-4325-84C1-3B0EA5B94902}"
EndProject
Project("{FAE04EC0-301F-11D3-BF4B-00C04F79EFBC}") = "Tools.DataDumper.Tests", "Tools.DataDumper.Tests\Tools.DataDumper.Tests.csproj", "{81E68E92-E6CB-490B-88CD-6437F31915F0}"
EndProject
Project("{FAE04EC0-301F-11D3-BF4B-00C04F79EFBC}") = "Tools.DataDumper.Console", "Tools.DataDumper.Console\Tools.DataDumper.Console.csproj", "{E6164076-9668-4822-91B9-020CBB1DC597}"
EndProject
Project("{FAE04EC0-301F-11D3-BF4B-00C04F79EFBC}") = "Tools.DataDumper.Example", "Tools.DataDumper.Example\Tools.DataDumper.Example.csproj", "{6A9D06C8-D096-47F5-8089-C7C9E818F203}"
EndProject
Project("{FAE04EC0-301F-11D3-BF4B-00C04F79EFBC}") = "Tools.DataDumper.NorthWind", "Tools.DataDumper.NorthWind\Tools.DataDumper.NorthWind.csproj", "{7247AE18-3CEB-427A-A99A-FAF2B53372B0}"
EndProject
Project("{FAE04EC0-301F-11D3-BF4B-00C04F79EFBC}") = "Tools.DataDumper.Compare", "Tools.DataDumper.Compare\Tools.DataDumper.Compare.csproj", "{5FAB8705-C7A3-4979-B54D-9827939CC6F5}"
EndProject
Project("{FAE04EC0-301F-11D3-BF4B-00C04F79EFBC}") = "Tools.DataDumper.Compare.Tests", "Tools.DataDumper.Compare.Tests\Tools.DataDumper.Compare.Tests.csproj", "{9F717742-B201-43F5-8D6F-59218DEADF77}"
EndProject
Global
	GlobalSection(SolutionConfigurationPlatforms) = preSolution
		Debug|Any CPU = Debug|Any CPU
		Release|Any CPU = Release|Any CPU
	EndGlobalSection
	GlobalSection(ProjectConfigurationPlatforms) = postSolution
		{34306846-0FC1-4325-84C1-3B0EA5B94902}.Debug|Any CPU.ActiveCfg = Debug|Any CPU
		{34306846-0FC1-4325-84C1-3B0EA5B94902}.Debug|Any CPU.Build.0 = Debug|Any CPU
		{34306846-0FC1-4325-84C1-3B0EA5B94902}.Release|Any CPU.ActiveCfg = Release|Any CPU
		{34306846-0FC1-4325-84C1-3B0EA5B94902}.Release|Any CPU.Build.0 = Release|Any CPU
		{81E68E92-E6CB-490B-88CD-6437F31915F0}.Debug|Any CPU.ActiveCfg = Debug|Any CPU
		{81E68E92-E6CB-490B-88CD-6437F31915F0}.Debug|Any CPU.Build.0 = Debug|Any CPU
		{81E68E92-E6CB-490B-88CD-6437F31915F0}.Release|Any CPU.ActiveCfg = Release|Any CPU
		{81E68E92-E6CB-490B-88CD-6437F31915F0}.Release|Any CPU.Build.0 = Release|Any CPU
		{E6164076-9668-4822-91B9-020CBB1DC597}.Debug|Any CPU.ActiveCfg = Debug|Any CPU
		{E6164076-9668-4822-91B9-020CBB1DC597}.Debug|Any CPU.Build.0 = Debug|Any CPU
		{E6164076-9668-4822-91B9-020CBB1DC597}.Release|Any CPU.ActiveCfg = Release|Any CPU
		{E6164076-9668-4822-91B9-020CBB1DC597}.Release|Any CPU.Build.0 = Release|Any CPU
		{6A9D06C8-D096-47F5-8089-C7C9E818F203}.Debug|Any CPU.ActiveCfg = Debug|Any CPU
		{6A9D06C8-D096-47F5-8089-C7C9E818F203}.Debug|Any CPU.Build.0 = Debug|Any CPU
		{6A9D06C8-D096-47F5-8089-C7C9E818F203}.Release|Any CPU.ActiveCfg = Release|Any CPU
		{6A9D06C8-D096-47F5-8089-C7C9E818F203}.Release|Any CPU.Build.0 = Release|Any CPU
		{7247AE18-3CEB-427A-A99A-FAF2B53372B0}.Debug|Any CPU.ActiveCfg = Debug|Any CPU
		{7247AE18-3CEB-427A-A99A-FAF2B53372B0}.Debug|Any CPU.Build.0 = Debug|Any CPU
		{7247AE18-3CEB-427A-A99A-FAF2B53372B0}.Release|Any CPU.ActiveCfg = Release|Any CPU
		{7247AE18-3CEB-427A-A99A-FAF2B53372B0}.Release|Any CPU.Build.0 = Release|Any CPU
		{5FAB8705-C7A3-4979-B54D-9827939CC6F5}.Debug|Any CPU.ActiveCfg = Debug|Any CPU
		{5FAB8705-C7A3-4979-B54D-9827939CC6F5}.Debug|Any CPU.Build.0 = Debug|Any CPU
		{5FAB8705-C7A3-4979-B54D-9827939CC6F5}.Release|Any CPU.ActiveCfg = Release|Any CPU
		{5FAB8705-C7A3-4979-B54D-9827939CC6F5}.Release|Any CPU.Build.0 = Release|Any CPU
		{9F717742-B201-43F5-8D6F-59218DEADF77}.Debug|Any CPU.ActiveCfg = Debug|Any CPU
		{9F717742-B201-43F5-8D6F-59218DEADF77}.Debug|Any CPU.Build.0 = Debug|Any CPU
		{9F717742-B201-43F5-8D6F-59218DEADF77}.Release|Any CPU.ActiveCfg = Release|Any CPU
		{9F717742-B201-43F5-8D6F-59218DEADF77}.Release|Any CPU.Build.0 = Release|Any CPU
	EndGlobalSection
	GlobalSection(SolutionProperties) = preSolution
		HideSolutionNode = FALSE
	EndGlobalSection
EndGlobal
